<?xml version="1.0" encoding="utf-8"?>
<Project ToolsVersion="4.0" xmlns="http://schemas.microsoft.com/developer/msbuild/2003">
  <ItemGroup>
    <Filter Include="源文件">
      <UniqueIdentifier>{4FC737F1-C7A5-4376-A066-2A32D752A2FF}</UniqueIdentifier>
      <Extensions>cpp;c;cc;cxx;c++;cppm;ixx;def;odl;idl;hpj;bat;asm;asmx</Extensions>
    </Filter>
    <Filter Include="头文件">
      <UniqueIdentifier>{93995380-89BD-4b04-88EB-625FBE52EBFB}</UniqueIdentifier>
      <Extensions>h;hh;hpp;hxx;h++;hm;inl;inc;ipp;xsd</Extensions>
    </Filter>
    <Filter Include="资源文件">
      <UniqueIdentifier>{67DA6AB6-F800-4c08-8B7A-83BB121AAD01}</UniqueIdentifier>
      <Extensions>rc;ico;cur;bmp;dlg;rc2;rct;bin;rgs;gif;jpg;jpeg;jpe;resx;tiff;tif;png;wav;mfcribbon-ms</Extensions>
    </Filter>
    <Filter Include="源文件\tests">
      <UniqueIdentifier>{76273e91-4329-42f0-b21a-9e1de0591b89}</UniqueIdentifier>
    </Filter>
  </ItemGroup>
  <ItemGroup>
    <ClCompile Include="main.cpp">
      <Filter>源文件</Filter>
    </ClCompile>
    <ClCompile Include="BA_1_2.cpp">
      <Filter>源文件</Filter>
    </ClCompile>
    <ClCompile Include="BA_Math.cpp">
      <Filter>源文件</Filter>
    </ClCompile>
    <ClCompile Include="BA_String.cpp">
      <Filter>源文件</Filter>
    </ClCompile>
    <ClCompile Include="BA_File.cpp">
      <Filter>源文件</Filter>
    </ClCompile>
    <ClCompile Include="BA_BioInfo.cpp">
      <Filter>源文件</Filter>
    </ClCompile>
    <ClCompile Include="BA_Mem.cpp">
      <Filter>源文件</Filter>
    </ClCompile>
    <ClCompile Include="BA_CMD.cpp">
      <Filter>源文件</Filter>
    </ClCompile>
    <ClCompile Include="test_json.cpp">
      <Filter>源文件\tests</Filter>
    </ClCompile>
    <ClCompile Include="test_cmd.cpp">
      <Filter>源文件\tests</Filter>
    </ClCompile>
    <ClCompile Include="test_thread.cpp">
      <Filter>源文件\tests</Filter>
    </ClCompile>
  </ItemGroup>
  <ItemGroup>
    <ClInclude Include="BA_1_2.hpp">
      <Filter>头文件</Filter>
    </ClInclude>
    <ClInclude Include="BA_Math.hpp">
      <Filter>头文件</Filter>
    </ClInclude>
    <ClInclude Include="BA_Base.hpp">
      <Filter>头文件</Filter>
    </ClInclude>
    <ClInclude Include="BA_String.hpp">
      <Filter>头文件</Filter>
    </ClInclude>
    <ClInclude Include="BA_File.hpp">
      <Filter>头文件</Filter>
    </ClInclude>
    <ClInclude Include="BA_Test.hpp">
      <Filter>头文件</Filter>
    </ClInclude>
    <ClInclude Include="BA_BioInfo.hpp">
      <Filter>头文件</Filter>
    </ClInclude>
    <ClInclude Include="BA_Mem.hpp">
      <Filter>头文件</Filter>
    </ClInclude>
    <ClInclude Include="BA_Thread.hpp">
      <Filter>头文件</Filter>
    </ClInclude>
    <ClInclude Include="BA_CMD.hpp">
      <Filter>头文件</Filter>
    </ClInclude>
    <ClInclude Include="BA_JSON.hpp">
      <Filter>头文件</Filter>
    </ClInclude>
  </ItemGroup>
</Project>