<?xml version="1.0" encoding="utf-8"?>
<Project ToolsVersion="4.0" xmlns="http://schemas.microsoft.com/developer/msbuild/2003">
  <ItemGroup>
    <Filter Include="源文件">
      <UniqueIdentifier>{4FC737F1-C7A5-4376-A066-2A32D752A2FF}</UniqueIdentifier>
      <Extensions>cpp;c;cc;cxx;c++;cppm;ixx;def;odl;idl;hpj;bat;asm;asmx</Extensions>
    </Filter>
    <Filter Include="头文件">
      <UniqueIdentifier>{93995380-89BD-4b04-88EB-625FBE52EBFB}</UniqueIdentifier>
      <Extensions>h;hh;hpp;hxx;h++;hm;inl;inc;ipp;xsd</Extensions>
    </Filter>
    <Filter Include="资源文件">
      <UniqueIdentifier>{67DA6AB6-F800-4c08-8B7A-83BB121AAD01}</UniqueIdentifier>
      <Extensions>rc;ico;cur;bmp;dlg;rc2;rct;bin;rgs;gif;jpg;jpeg;jpe;resx;tiff;tif;png;wav;mfcribbon-ms</Extensions>
    </Filter>
    <Filter Include="源文件\tests">
      <UniqueIdentifier>{76273e91-4329-42f0-b21a-9e1de0591b89}</UniqueIdentifier>
    </Filter>
    <Filter Include="头文件\jieba">
      <UniqueIdentifier>{763c87a7-f49c-43bf-9699-5597d2c21305}</UniqueIdentifier>
    </Filter>
    <Filter Include="头文件\limonp">
      <UniqueIdentifier>{d5ab8c8a-27d3-47ab-a60b-299d16d4a618}</UniqueIdentifier>
    </Filter>
    <Filter Include="头文件\SDL2">
      <UniqueIdentifier>{dde1a0d0-91fc-43aa-b61e-7f0aa38b536e}</UniqueIdentifier>
    </Filter>
  </ItemGroup>
  <ItemGroup>
    <ClCompile Include="main.cpp">
      <Filter>源文件</Filter>
    </ClCompile>
    <ClCompile Include="BA_1_2.cpp">
      <Filter>源文件</Filter>
    </ClCompile>
    <ClCompile Include="BA_String.cpp">
      <Filter>源文件</Filter>
    </ClCompile>
    <ClCompile Include="BA_File.cpp">
      <Filter>源文件</Filter>
    </ClCompile>
    <ClCompile Include="BA_BioInfo.cpp">
      <Filter>源文件</Filter>
    </ClCompile>
    <ClCompile Include="BA_Mem.cpp">
      <Filter>源文件</Filter>
    </ClCompile>
    <ClCompile Include="BA_CMD.cpp">
      <Filter>源文件</Filter>
    </ClCompile>
    <ClCompile Include="test_json.cpp">
      <Filter>源文件\tests</Filter>
    </ClCompile>
    <ClCompile Include="test_thread.cpp">
      <Filter>源文件\tests</Filter>
    </ClCompile>
    <ClCompile Include="test_jieba.cpp">
      <Filter>源文件\tests</Filter>
    </ClCompile>
    <ClCompile Include="test_comprehensive.cpp">
      <Filter>源文件\tests</Filter>
    </ClCompile>
    <ClCompile Include="BA_Jieba.cpp">
      <Filter>源文件</Filter>
    </ClCompile>
    <ClCompile Include="BA_GUI.cpp">
      <Filter>源文件</Filter>
    </ClCompile>
    <ClCompile Include="test_ui.cpp">
      <Filter>源文件\tests</Filter>
    </ClCompile>
  </ItemGroup>
  <ItemGroup>
    <ClInclude Include="BA_1_2.hpp">
      <Filter>头文件</Filter>
    </ClInclude>
    <ClInclude Include="BA_Math.hpp">
      <Filter>头文件</Filter>
    </ClInclude>
    <ClInclude Include="BA_Base.hpp">
      <Filter>头文件</Filter>
    </ClInclude>
    <ClInclude Include="BA_String.hpp">
      <Filter>头文件</Filter>
    </ClInclude>
    <ClInclude Include="BA_File.hpp">
      <Filter>头文件</Filter>
    </ClInclude>
    <ClInclude Include="BA_Test.hpp">
      <Filter>头文件</Filter>
    </ClInclude>
    <ClInclude Include="BA_BioInfo.hpp">
      <Filter>头文件</Filter>
    </ClInclude>
    <ClInclude Include="BA_Mem.hpp">
      <Filter>头文件</Filter>
    </ClInclude>
    <ClInclude Include="BA_Thread.hpp">
      <Filter>头文件</Filter>
    </ClInclude>
    <ClInclude Include="BA_CMD.hpp">
      <Filter>头文件</Filter>
    </ClInclude>
    <ClInclude Include="BA_JSON.hpp">
      <Filter>头文件</Filter>
    </ClInclude>
    <ClInclude Include="cppjieba\DictTrie.hpp">
      <Filter>头文件\jieba</Filter>
    </ClInclude>
    <ClInclude Include="cppjieba\FullSegment.hpp">
      <Filter>头文件\jieba</Filter>
    </ClInclude>
    <ClInclude Include="cppjieba\HMMModel.hpp">
      <Filter>头文件\jieba</Filter>
    </ClInclude>
    <ClInclude Include="cppjieba\HMMSegment.hpp">
      <Filter>头文件\jieba</Filter>
    </ClInclude>
    <ClInclude Include="cppjieba\Jieba.hpp">
      <Filter>头文件\jieba</Filter>
    </ClInclude>
    <ClInclude Include="cppjieba\KeywordExtractor.hpp">
      <Filter>头文件\jieba</Filter>
    </ClInclude>
    <ClInclude Include="cppjieba\MixSegment.hpp">
      <Filter>头文件\jieba</Filter>
    </ClInclude>
    <ClInclude Include="cppjieba\MPSegment.hpp">
      <Filter>头文件\jieba</Filter>
    </ClInclude>
    <ClInclude Include="cppjieba\PosTagger.hpp">
      <Filter>头文件\jieba</Filter>
    </ClInclude>
    <ClInclude Include="cppjieba\PreFilter.hpp">
      <Filter>头文件\jieba</Filter>
    </ClInclude>
    <ClInclude Include="cppjieba\QuerySegment.hpp">
      <Filter>头文件\jieba</Filter>
    </ClInclude>
    <ClInclude Include="cppjieba\SegmentBase.hpp">
      <Filter>头文件\jieba</Filter>
    </ClInclude>
    <ClInclude Include="cppjieba\SegmentTagged.hpp">
      <Filter>头文件\jieba</Filter>
    </ClInclude>
    <ClInclude Include="cppjieba\TextRankExtractor.hpp">
      <Filter>头文件\jieba</Filter>
    </ClInclude>
    <ClInclude Include="cppjieba\Trie.hpp">
      <Filter>头文件\jieba</Filter>
    </ClInclude>
    <ClInclude Include="cppjieba\Unicode.hpp">
      <Filter>头文件\jieba</Filter>
    </ClInclude>
    <ClInclude Include="limonp\ArgvContext.hpp">
      <Filter>头文件\limonp</Filter>
    </ClInclude>
    <ClInclude Include="limonp\BlockingQueue.hpp">
      <Filter>头文件\limonp</Filter>
    </ClInclude>
    <ClInclude Include="limonp\BoundedBlockingQueue.hpp">
      <Filter>头文件\limonp</Filter>
    </ClInclude>
    <ClInclude Include="limonp\BoundedQueue.hpp">
      <Filter>头文件\limonp</Filter>
    </ClInclude>
    <ClInclude Include="limonp\Closure.hpp">
      <Filter>头文件\limonp</Filter>
    </ClInclude>
    <ClInclude Include="limonp\Colors.hpp">
      <Filter>头文件\limonp</Filter>
    </ClInclude>
    <ClInclude Include="limonp\Condition.hpp">
      <Filter>头文件\limonp</Filter>
    </ClInclude>
    <ClInclude Include="limonp\Config.hpp">
      <Filter>头文件\limonp</Filter>
    </ClInclude>
    <ClInclude Include="limonp\FileLock.hpp">
      <Filter>头文件\limonp</Filter>
    </ClInclude>
    <ClInclude Include="limonp\ForcePublic.hpp">
      <Filter>头文件\limonp</Filter>
    </ClInclude>
    <ClInclude Include="limonp\LocalVector.hpp">
      <Filter>头文件\limonp</Filter>
    </ClInclude>
    <ClInclude Include="limonp\Logging.hpp">
      <Filter>头文件\limonp</Filter>
    </ClInclude>
    <ClInclude Include="limonp\Md5.hpp">
      <Filter>头文件\limonp</Filter>
    </ClInclude>
    <ClInclude Include="limonp\MutexLock.hpp">
      <Filter>头文件\limonp</Filter>
    </ClInclude>
    <ClInclude Include="limonp\NonCopyable.hpp">
      <Filter>头文件\limonp</Filter>
    </ClInclude>
    <ClInclude Include="limonp\StdExtension.hpp">
      <Filter>头文件\limonp</Filter>
    </ClInclude>
    <ClInclude Include="limonp\StringUtil.hpp">
      <Filter>头文件\limonp</Filter>
    </ClInclude>
    <ClInclude Include="limonp\Thread.hpp">
      <Filter>头文件\limonp</Filter>
    </ClInclude>
    <ClInclude Include="limonp\ThreadPool.hpp">
      <Filter>头文件\limonp</Filter>
    </ClInclude>
    <ClInclude Include="BA_Jieba.hpp">
      <Filter>头文件</Filter>
    </ClInclude>
    <ClInclude Include="BA_GUI.hpp">
      <Filter>头文件</Filter>
    </ClInclude>
    <ClInclude Include="SDL2\SDL.h">
      <Filter>头文件\SDL2</Filter>
    </ClInclude>
    <ClInclude Include="SDL2\SDL_assert.h">
      <Filter>头文件\SDL2</Filter>
    </ClInclude>
    <ClInclude Include="SDL2\SDL_atomic.h">
      <Filter>头文件\SDL2</Filter>
    </ClInclude>
    <ClInclude Include="SDL2\SDL_audio.h">
      <Filter>头文件\SDL2</Filter>
    </ClInclude>
    <ClInclude Include="SDL2\SDL_bits.h">
      <Filter>头文件\SDL2</Filter>
    </ClInclude>
    <ClInclude Include="SDL2\begin_code.h">
      <Filter>头文件\SDL2</Filter>
    </ClInclude>
    <ClInclude Include="SDL2\close_code.h">
      <Filter>头文件\SDL2</Filter>
    </ClInclude>
    <ClInclude Include="SDL2\SDL_blendmode.h">
      <Filter>头文件\SDL2</Filter>
    </ClInclude>
    <ClInclude Include="SDL2\SDL_clipboard.h">
      <Filter>头文件\SDL2</Filter>
    </ClInclude>
    <ClInclude Include="SDL2\SDL_config.h">
      <Filter>头文件\SDL2</Filter>
    </ClInclude>
    <ClInclude Include="SDL2\SDL_config_android.h">
      <Filter>头文件\SDL2</Filter>
    </ClInclude>
    <ClInclude Include="SDL2\SDL_config_iphoneos.h">
      <Filter>头文件\SDL2</Filter>
    </ClInclude>
    <ClInclude Include="SDL2\SDL_config_macosx.h">
      <Filter>头文件\SDL2</Filter>
    </ClInclude>
    <ClInclude Include="SDL2\SDL_config_minimal.h">
      <Filter>头文件\SDL2</Filter>
    </ClInclude>
    <ClInclude Include="SDL2\SDL_config_pandora.h">
      <Filter>头文件\SDL2</Filter>
    </ClInclude>
    <ClInclude Include="SDL2\SDL_config_psp.h">
      <Filter>头文件\SDL2</Filter>
    </ClInclude>
    <ClInclude Include="SDL2\SDL_config_windows.h">
      <Filter>头文件\SDL2</Filter>
    </ClInclude>
    <ClInclude Include="SDL2\SDL_config_winrt.h">
      <Filter>头文件\SDL2</Filter>
    </ClInclude>
    <ClInclude Include="SDL2\SDL_config_wiz.h">
      <Filter>头文件\SDL2</Filter>
    </ClInclude>
    <ClInclude Include="SDL2\SDL_copying.h">
      <Filter>头文件\SDL2</Filter>
    </ClInclude>
    <ClInclude Include="SDL2\SDL_cpuinfo.h">
      <Filter>头文件\SDL2</Filter>
    </ClInclude>
    <ClInclude Include="SDL2\SDL_egl.h">
      <Filter>头文件\SDL2</Filter>
    </ClInclude>
    <ClInclude Include="SDL2\SDL_endian.h">
      <Filter>头文件\SDL2</Filter>
    </ClInclude>
    <ClInclude Include="SDL2\SDL_error.h">
      <Filter>头文件\SDL2</Filter>
    </ClInclude>
    <ClInclude Include="SDL2\SDL_events.h">
      <Filter>头文件\SDL2</Filter>
    </ClInclude>
    <ClInclude Include="SDL2\SDL_filesystem.h">
      <Filter>头文件\SDL2</Filter>
    </ClInclude>
    <ClInclude Include="SDL2\SDL_gamecontroller.h">
      <Filter>头文件\SDL2</Filter>
    </ClInclude>
    <ClInclude Include="SDL2\SDL_gesture.h">
      <Filter>头文件\SDL2</Filter>
    </ClInclude>
    <ClInclude Include="SDL2\SDL_haptic.h">
      <Filter>头文件\SDL2</Filter>
    </ClInclude>
    <ClInclude Include="SDL2\SDL_hints.h">
      <Filter>头文件\SDL2</Filter>
    </ClInclude>
    <ClInclude Include="SDL2\SDL_image.h">
      <Filter>头文件\SDL2</Filter>
    </ClInclude>
    <ClInclude Include="SDL2\SDL_joystick.h">
      <Filter>头文件\SDL2</Filter>
    </ClInclude>
    <ClInclude Include="SDL2\SDL_keyboard.h">
      <Filter>头文件\SDL2</Filter>
    </ClInclude>
    <ClInclude Include="SDL2\SDL_keycode.h">
      <Filter>头文件\SDL2</Filter>
    </ClInclude>
    <ClInclude Include="SDL2\SDL_loadso.h">
      <Filter>头文件\SDL2</Filter>
    </ClInclude>
    <ClInclude Include="SDL2\SDL_locale.h">
      <Filter>头文件\SDL2</Filter>
    </ClInclude>
    <ClInclude Include="SDL2\SDL_log.h">
      <Filter>头文件\SDL2</Filter>
    </ClInclude>
    <ClInclude Include="SDL2\SDL_main.h">
      <Filter>头文件\SDL2</Filter>
    </ClInclude>
    <ClInclude Include="SDL2\SDL_messagebox.h">
      <Filter>头文件\SDL2</Filter>
    </ClInclude>
    <ClInclude Include="SDL2\SDL_metal.h">
      <Filter>头文件\SDL2</Filter>
    </ClInclude>
    <ClInclude Include="SDL2\SDL_mixer.h">
      <Filter>头文件\SDL2</Filter>
    </ClInclude>
    <ClInclude Include="SDL2\SDL_misc.h">
      <Filter>头文件\SDL2</Filter>
    </ClInclude>
    <ClInclude Include="SDL2\SDL_mouse.h">
      <Filter>头文件\SDL2</Filter>
    </ClInclude>
    <ClInclude Include="SDL2\SDL_mutex.h">
      <Filter>头文件\SDL2</Filter>
    </ClInclude>
    <ClInclude Include="SDL2\SDL_name.h">
      <Filter>头文件\SDL2</Filter>
    </ClInclude>
    <ClInclude Include="SDL2\SDL_opengl.h">
      <Filter>头文件\SDL2</Filter>
    </ClInclude>
    <ClInclude Include="SDL2\SDL_opengl_glext.h">
      <Filter>头文件\SDL2</Filter>
    </ClInclude>
    <ClInclude Include="SDL2\SDL_opengles.h">
      <Filter>头文件\SDL2</Filter>
    </ClInclude>
    <ClInclude Include="SDL2\SDL_opengles2.h">
      <Filter>头文件\SDL2</Filter>
    </ClInclude>
    <ClInclude Include="SDL2\SDL_opengles2_gl2.h">
      <Filter>头文件\SDL2</Filter>
    </ClInclude>
    <ClInclude Include="SDL2\SDL_opengles2_gl2ext.h">
      <Filter>头文件\SDL2</Filter>
    </ClInclude>
    <ClInclude Include="SDL2\SDL_opengles2_gl2platform.h">
      <Filter>头文件\SDL2</Filter>
    </ClInclude>
    <ClInclude Include="SDL2\SDL_opengles2_khrplatform.h">
      <Filter>头文件\SDL2</Filter>
    </ClInclude>
    <ClInclude Include="SDL2\SDL_pixels.h">
      <Filter>头文件\SDL2</Filter>
    </ClInclude>
    <ClInclude Include="SDL2\SDL_platform.h">
      <Filter>头文件\SDL2</Filter>
    </ClInclude>
    <ClInclude Include="SDL2\SDL_power.h">
      <Filter>头文件\SDL2</Filter>
    </ClInclude>
    <ClInclude Include="SDL2\SDL_quit.h">
      <Filter>头文件\SDL2</Filter>
    </ClInclude>
    <ClInclude Include="SDL2\SDL_rect.h">
      <Filter>头文件\SDL2</Filter>
    </ClInclude>
    <ClInclude Include="SDL2\SDL_render.h">
      <Filter>头文件\SDL2</Filter>
    </ClInclude>
    <ClInclude Include="SDL2\SDL_revision.h">
      <Filter>头文件\SDL2</Filter>
    </ClInclude>
    <ClInclude Include="SDL2\SDL_rwops.h">
      <Filter>头文件\SDL2</Filter>
    </ClInclude>
    <ClInclude Include="SDL2\SDL_scancode.h">
      <Filter>头文件\SDL2</Filter>
    </ClInclude>
    <ClInclude Include="SDL2\SDL_sensor.h">
      <Filter>头文件\SDL2</Filter>
    </ClInclude>
    <ClInclude Include="SDL2\SDL_shape.h">
      <Filter>头文件\SDL2</Filter>
    </ClInclude>
    <ClInclude Include="SDL2\SDL_stdinc.h">
      <Filter>头文件\SDL2</Filter>
    </ClInclude>
    <ClInclude Include="SDL2\SDL_surface.h">
      <Filter>头文件\SDL2</Filter>
    </ClInclude>
    <ClInclude Include="SDL2\SDL_system.h">
      <Filter>头文件\SDL2</Filter>
    </ClInclude>
    <ClInclude Include="SDL2\SDL_syswm.h">
      <Filter>头文件\SDL2</Filter>
    </ClInclude>
    <ClInclude Include="SDL2\SDL_test.h">
      <Filter>头文件\SDL2</Filter>
    </ClInclude>
    <ClInclude Include="SDL2\SDL_test_assert.h">
      <Filter>头文件\SDL2</Filter>
    </ClInclude>
    <ClInclude Include="SDL2\SDL_test_common.h">
      <Filter>头文件\SDL2</Filter>
    </ClInclude>
    <ClInclude Include="SDL2\SDL_test_compare.h">
      <Filter>头文件\SDL2</Filter>
    </ClInclude>
    <ClInclude Include="SDL2\SDL_test_crc32.h">
      <Filter>头文件\SDL2</Filter>
    </ClInclude>
    <ClInclude Include="SDL2\SDL_test_font.h">
      <Filter>头文件\SDL2</Filter>
    </ClInclude>
    <ClInclude Include="SDL2\SDL_test_fuzzer.h">
      <Filter>头文件\SDL2</Filter>
    </ClInclude>
    <ClInclude Include="SDL2\SDL_test_harness.h">
      <Filter>头文件\SDL2</Filter>
    </ClInclude>
    <ClInclude Include="SDL2\SDL_test_images.h">
      <Filter>头文件\SDL2</Filter>
    </ClInclude>
    <ClInclude Include="SDL2\SDL_test_log.h">
      <Filter>头文件\SDL2</Filter>
    </ClInclude>
    <ClInclude Include="SDL2\SDL_test_md5.h">
      <Filter>头文件\SDL2</Filter>
    </ClInclude>
    <ClInclude Include="SDL2\SDL_test_memory.h">
      <Filter>头文件\SDL2</Filter>
    </ClInclude>
    <ClInclude Include="SDL2\SDL_test_random.h">
      <Filter>头文件\SDL2</Filter>
    </ClInclude>
    <ClInclude Include="SDL2\SDL_thread.h">
      <Filter>头文件\SDL2</Filter>
    </ClInclude>
    <ClInclude Include="SDL2\SDL_timer.h">
      <Filter>头文件\SDL2</Filter>
    </ClInclude>
    <ClInclude Include="SDL2\SDL_touch.h">
      <Filter>头文件\SDL2</Filter>
    </ClInclude>
    <ClInclude Include="SDL2\SDL_ttf.h">
      <Filter>头文件\SDL2</Filter>
    </ClInclude>
    <ClInclude Include="SDL2\SDL_types.h">
      <Filter>头文件\SDL2</Filter>
    </ClInclude>
    <ClInclude Include="SDL2\SDL_version.h">
      <Filter>头文件\SDL2</Filter>
    </ClInclude>
    <ClInclude Include="SDL2\SDL_video.h">
      <Filter>头文件\SDL2</Filter>
    </ClInclude>
    <ClInclude Include="SDL2\SDL_vulkan.h">
      <Filter>头文件\SDL2</Filter>
    </ClInclude>
  </ItemGroup>
  <ItemGroup>
    <None Include="SDL2\SDL_config.h.cmake" />
    <None Include="SDL2\SDL_config.h.in" />
    <None Include="SDL2\SDL_config_macosx.h.orig" />
  </ItemGroup>
</Project>